
Microsoft Visual Studio Solution File, Format Version 12.00
# Visual Studio Version 17
VisualStudioVersion = 17.1.32319.34
MinimumVisualStudioVersion = 10.0.40219.1
Project("{FAE04EC0-301F-11D3-BF4B-00C04F79EFBC}") = "Lab3", "Lab3\Lab3.csproj", "{56DCF76F-08C2-476F-A838-473B33C4274E}"
EndProject
Project("{FAE04EC0-301F-11D3-BF4B-00C04F79EFBC}") = "Lab3.UnitTests", "Lab3.UnitTests\Lab3.UnitTests.csproj", "{7912A9AA-1B08-4AD0-B5B8-5109C1EEF636}"
EndProject
Global
	GlobalSection(SolutionConfigurationPlatforms) = preSolution
		Debug|Any CPU = Debug|Any CPU
		Release|Any CPU = Release|Any CPU
	EndGlobalSection
	GlobalSection(ProjectConfigurationPlatforms) = postSolution
		{56DCF76F-08C2-476F-A838-473B33C4274E}.Debug|Any CPU.ActiveCfg = Debug|Any CPU
		{56DCF76F-08C2-476F-A838-473B33C4274E}.Debug|Any CPU.Build.0 = Debug|Any CPU
		{56DCF76F-08C2-476F-A838-473B33C4274E}.Release|Any CPU.ActiveCfg = Release|Any CPU
		{56DCF76F-08C2-476F-A838-473B33C4274E}.Release|Any CPU.Build.0 = Release|Any CPU
		{7912A9AA-1B08-4AD0-B5B8-5109C1EEF636}.Debug|Any CPU.ActiveCfg = Debug|Any CPU
		{7912A9AA-1B08-4AD0-B5B8-5109C1EEF636}.Debug|Any CPU.Build.0 = Debug|Any CPU
		{7912A9AA-1B08-4AD0-B5B8-5109C1EEF636}.Release|Any CPU.ActiveCfg = Release|Any CPU
		{7912A9AA-1B08-4AD0-B5B8-5109C1EEF636}.Release|Any CPU.Build.0 = Release|Any CPU
	EndGlobalSection
	GlobalSection(SolutionProperties) = preSolution
		HideSolutionNode = FALSE
	EndGlobalSection
	GlobalSection(ExtensibilityGlobals) = postSolution
		SolutionGuid = {EB5A4349-C1D1-4DD3-8214-CB63AFB6F9B8}
	EndGlobalSection
EndGlobal
