
Microsoft Visual Studio Solution File, Format Version 12.00
# Visual Studio Version 17
VisualStudioVersion = 17.1.32319.34
MinimumVisualStudioVersion = 10.0.40219.1
Project("{FAE04EC0-301F-11D3-BF4B-00C04F79EFBC}") = "U4_22", "U4_22.csproj", "{92321E6B-5045-4555-A123-08EA7C404703}"
EndProject
Global
	GlobalSection(SolutionConfigurationPlatforms) = preSolution
		Debug|Any CPU = Debug|Any CPU
		Release|Any CPU = Release|Any CPU
	EndGlobalSection
	GlobalSection(ProjectConfigurationPlatforms) = postSolution
		{92321E6B-5045-4555-A123-08EA7C404703}.Debug|Any CPU.ActiveCfg = Debug|Any CPU
		{92321E6B-5045-4555-A123-08EA7C404703}.Debug|Any CPU.Build.0 = Debug|Any CPU
		{92321E6B-5045-4555-A123-08EA7C404703}.Release|Any CPU.ActiveCfg = Release|Any CPU
		{92321E6B-5045-4555-A123-08EA7C404703}.Release|Any CPU.Build.0 = Release|Any CPU
	EndGlobalSection
	GlobalSection(SolutionProperties) = preSolution
		HideSolutionNode = FALSE
	EndGlobalSection
	GlobalSection(ExtensibilityGlobals) = postSolution
		SolutionGuid = {38DDA94C-223C-4991-8114-B78899ABB060}
	EndGlobalSection
EndGlobal
